
Microsoft Visual Studio Solution File, Format Version 12.00
# Visual Studio 15
VisualStudioVersion = 15.0.28307.757
MinimumVisualStudioVersion = 10.0.40219.1
Project("{2150E333-8FDC-42A3-9474-1A3956D46DE8}") = "Libraries", "Libraries", "{AC07EEE8-B86A-43D6-8D73-81945BDA1911}"
EndProject
Project("{2150E333-8FDC-42A3-9474-1A3956D46DE8}") = "Plugins", "Plugins", "{C2BF1A0A-3A0D-469E-813F-1265836FA579}"
EndProject
Project("{2150E333-8FDC-42A3-9474-1A3956D46DE8}") = "Presentation", "Presentation", "{AF6F4D24-AB50-42FE-862E-A37F94BA3D2C}"
EndProject
Project("{FAE04EC0-301F-11D3-BF4B-00C04F79EFBC}") = "CTD.Core", "CTD.Core\CTD.Core.csproj", "{14ACCD1C-4B52-4601-AC36-A9688BE8F528}"
EndProject
Project("{FAE04EC0-301F-11D3-BF4B-00C04F79EFBC}") = "CTD.Data", "CTD.Data\CTD.Data.csproj", "{1ABB98A1-4B5B-409A-9F39-671C44748FD7}"
EndProject
Project("{FAE04EC0-301F-11D3-BF4B-00C04F79EFBC}") = "CTD.Service", "CTD.Service\CTD.Service.csproj", "{03FCBA5B-912C-4280-8010-676E5B7C659F}"
EndProject
Project("{FAE04EC0-301F-11D3-BF4B-00C04F79EFBC}") = "CTD.Dto", "CTD.Dto\CTD.Dto.csproj", "{3C0D72DC-DD0A-46E9-B6A3-E0E40D3D8D8C}"
EndProject
Project("{FAE04EC0-301F-11D3-BF4B-00C04F79EFBC}") = "CTD.Utilities", "CTD.Utilities\CTD.Utilities.csproj", "{D1F5A2AC-195F-4804-A674-24094E61E5FC}"
EndProject
Project("{FAE04EC0-301F-11D3-BF4B-00C04F79EFBC}") = "CTD.IoC", "CTD.IoC\CTD.IoC.csproj", "{513C1C20-7E58-47D0-B71C-7A61D5CE7433}"
EndProject
Project("{FAE04EC0-301F-11D3-BF4B-00C04F79EFBC}") = "CTD.Web.Framework", "CTD.Web.Framework\CTD.Web.Framework.csproj", "{1554F089-FCCA-46BF-A626-F6DC0A9DDC9D}"
EndProject
Project("{FAE04EC0-301F-11D3-BF4B-00C04F79EFBC}") = "CTD.Sicil", "CTD.Sicil\CTD.Sicil.csproj", "{D921B0BD-5685-453C-98B1-703958181DFA}"
EndProject
Global
	GlobalSection(SolutionConfigurationPlatforms) = preSolution
		Debug|Any CPU = Debug|Any CPU
		Release|Any CPU = Release|Any CPU
	EndGlobalSection
	GlobalSection(ProjectConfigurationPlatforms) = postSolution
		{14ACCD1C-4B52-4601-AC36-A9688BE8F528}.Debug|Any CPU.ActiveCfg = Debug|Any CPU
		{14ACCD1C-4B52-4601-AC36-A9688BE8F528}.Debug|Any CPU.Build.0 = Debug|Any CPU
		{14ACCD1C-4B52-4601-AC36-A9688BE8F528}.Release|Any CPU.ActiveCfg = Release|Any CPU
		{14ACCD1C-4B52-4601-AC36-A9688BE8F528}.Release|Any CPU.Build.0 = Release|Any CPU
		{1ABB98A1-4B5B-409A-9F39-671C44748FD7}.Debug|Any CPU.ActiveCfg = Debug|Any CPU
		{1ABB98A1-4B5B-409A-9F39-671C44748FD7}.Debug|Any CPU.Build.0 = Debug|Any CPU
		{1ABB98A1-4B5B-409A-9F39-671C44748FD7}.Release|Any CPU.ActiveCfg = Release|Any CPU
		{1ABB98A1-4B5B-409A-9F39-671C44748FD7}.Release|Any CPU.Build.0 = Release|Any CPU
		{03FCBA5B-912C-4280-8010-676E5B7C659F}.Debug|Any CPU.ActiveCfg = Debug|Any CPU
		{03FCBA5B-912C-4280-8010-676E5B7C659F}.Debug|Any CPU.Build.0 = Debug|Any CPU
		{03FCBA5B-912C-4280-8010-676E5B7C659F}.Release|Any CPU.ActiveCfg = Release|Any CPU
		{03FCBA5B-912C-4280-8010-676E5B7C659F}.Release|Any CPU.Build.0 = Release|Any CPU
		{3C0D72DC-DD0A-46E9-B6A3-E0E40D3D8D8C}.Debug|Any CPU.ActiveCfg = Debug|Any CPU
		{3C0D72DC-DD0A-46E9-B6A3-E0E40D3D8D8C}.Debug|Any CPU.Build.0 = Debug|Any CPU
		{3C0D72DC-DD0A-46E9-B6A3-E0E40D3D8D8C}.Release|Any CPU.ActiveCfg = Release|Any CPU
		{3C0D72DC-DD0A-46E9-B6A3-E0E40D3D8D8C}.Release|Any CPU.Build.0 = Release|Any CPU
		{D1F5A2AC-195F-4804-A674-24094E61E5FC}.Debug|Any CPU.ActiveCfg = Debug|Any CPU
		{D1F5A2AC-195F-4804-A674-24094E61E5FC}.Debug|Any CPU.Build.0 = Debug|Any CPU
		{D1F5A2AC-195F-4804-A674-24094E61E5FC}.Release|Any CPU.ActiveCfg = Release|Any CPU
		{D1F5A2AC-195F-4804-A674-24094E61E5FC}.Release|Any CPU.Build.0 = Release|Any CPU
		{513C1C20-7E58-47D0-B71C-7A61D5CE7433}.Debug|Any CPU.ActiveCfg = Debug|Any CPU
		{513C1C20-7E58-47D0-B71C-7A61D5CE7433}.Debug|Any CPU.Build.0 = Debug|Any CPU
		{513C1C20-7E58-47D0-B71C-7A61D5CE7433}.Release|Any CPU.ActiveCfg = Release|Any CPU
		{513C1C20-7E58-47D0-B71C-7A61D5CE7433}.Release|Any CPU.Build.0 = Release|Any CPU
		{1554F089-FCCA-46BF-A626-F6DC0A9DDC9D}.Debug|Any CPU.ActiveCfg = Debug|Any CPU
		{1554F089-FCCA-46BF-A626-F6DC0A9DDC9D}.Debug|Any CPU.Build.0 = Debug|Any CPU
		{1554F089-FCCA-46BF-A626-F6DC0A9DDC9D}.Release|Any CPU.ActiveCfg = Release|Any CPU
		{1554F089-FCCA-46BF-A626-F6DC0A9DDC9D}.Release|Any CPU.Build.0 = Release|Any CPU
		{D921B0BD-5685-453C-98B1-703958181DFA}.Debug|Any CPU.ActiveCfg = Debug|Any CPU
		{D921B0BD-5685-453C-98B1-703958181DFA}.Debug|Any CPU.Build.0 = Debug|Any CPU
		{D921B0BD-5685-453C-98B1-703958181DFA}.Release|Any CPU.ActiveCfg = Release|Any CPU
		{D921B0BD-5685-453C-98B1-703958181DFA}.Release|Any CPU.Build.0 = Release|Any CPU
	EndGlobalSection
	GlobalSection(SolutionProperties) = preSolution
		HideSolutionNode = FALSE
	EndGlobalSection
	GlobalSection(NestedProjects) = preSolution
		{14ACCD1C-4B52-4601-AC36-A9688BE8F528} = {AC07EEE8-B86A-43D6-8D73-81945BDA1911}
		{1ABB98A1-4B5B-409A-9F39-671C44748FD7} = {AC07EEE8-B86A-43D6-8D73-81945BDA1911}
		{03FCBA5B-912C-4280-8010-676E5B7C659F} = {AC07EEE8-B86A-43D6-8D73-81945BDA1911}
		{3C0D72DC-DD0A-46E9-B6A3-E0E40D3D8D8C} = {AC07EEE8-B86A-43D6-8D73-81945BDA1911}
		{D1F5A2AC-195F-4804-A674-24094E61E5FC} = {C2BF1A0A-3A0D-469E-813F-1265836FA579}
		{513C1C20-7E58-47D0-B71C-7A61D5CE7433} = {AC07EEE8-B86A-43D6-8D73-81945BDA1911}
		{1554F089-FCCA-46BF-A626-F6DC0A9DDC9D} = {AF6F4D24-AB50-42FE-862E-A37F94BA3D2C}
		{D921B0BD-5685-453C-98B1-703958181DFA} = {AF6F4D24-AB50-42FE-862E-A37F94BA3D2C}
	EndGlobalSection
	GlobalSection(ExtensibilityGlobals) = postSolution
		SolutionGuid = {FB1C1346-8AF3-458E-9DBD-C7CBD281D9CA}
	EndGlobalSection
EndGlobal
